Microsoft Visual Studio Solution File, Format Version 12.00
# Visual Studio Version 17
VisualStudioVersion = 17.5.2.0
MinimumVisualStudioVersion = 10.0.40219.1
Project("{FAE04EC0-301F-11D3-BF4B-00C04F79EFBC}") = "DropInBadAPI", "DropInBadAPI.csproj", "{7A576186-DF19-6D5C-5A46-3C6B924A7179}"
EndProject
Global
	GlobalSection(SolutionConfigurationPlatforms) = preSolution
		Debug|Any CPU = Debug|Any CPU
		Release|Any CPU = Release|Any CPU
	EndGlobalSection
	GlobalSection(ProjectConfigurationPlatforms) = postSolution
		{7A576186-DF19-6D5C-5A46-3C6B924A7179}.Debug|Any CPU.ActiveCfg = Debug|Any CPU
		{7A576186-DF19-6D5C-5A46-3C6B924A7179}.Debug|Any CPU.Build.0 = Debug|Any CPU
		{7A576186-DF19-6D5C-5A46-3C6B924A7179}.Release|Any CPU.ActiveCfg = Release|Any CPU
		{7A576186-DF19-6D5C-5A46-3C6B924A7179}.Release|Any CPU.Build.0 = Release|Any CPU
	EndGlobalSection
	GlobalSection(SolutionProperties) = preSolution
		HideSolutionNode = FALSE
	EndGlobalSection
	GlobalSection(ExtensibilityGlobals) = postSolution
		SolutionGuid = {1D610572-9104-4323-8DC1-7D3E38BFA4EB}
	EndGlobalSection
EndGlobal
